
Microsoft Visual Studio Solution File, Format Version 12.00
# Visual Studio Version 17
VisualStudioVersion = 17.8.34511.84
MinimumVisualStudioVersion = 10.0.40219.1
Project("{9A19103F-16F7-4668-BE54-9A1E7A4F7556}") = "Echo-HomeApp", "Echo-HomeApp\Echo-HomeApp.csproj", "{7C279232-427C-4D81-A149-74D9AFC4FA5D}"
	ProjectSection(ProjectDependencies) = postProject
		{81322FC4-0AFE-4301-96DB-D27774FE96AE} = {81322FC4-0AFE-4301-96DB-D27774FE96AE}
	EndProjectSection
EndProject
Project("{9A19103F-16F7-4668-BE54-9A1E7A4F7556}") = "Echo-HomeApp.Client", "Echo-HomeApp.Client\Echo-HomeApp.Client.csproj", "{A48B26B2-D943-40DB-98D2-17E1199D70B6}"
EndProject
Project("{FAE04EC0-301F-11D3-BF4B-00C04F79EFBC}") = "Echo-HomeApp.Shared", "Entities\Echo-HomeApp.Shared.csproj", "{81322FC4-0AFE-4301-96DB-D27774FE96AE}"
EndProject
Global
	GlobalSection(SolutionConfigurationPlatforms) = preSolution
		Debug|Any CPU = Debug|Any CPU
		Release|Any CPU = Release|Any CPU
	EndGlobalSection
	GlobalSection(ProjectConfigurationPlatforms) = postSolution
		{7C279232-427C-4D81-A149-74D9AFC4FA5D}.Debug|Any CPU.ActiveCfg = Debug|Any CPU
		{7C279232-427C-4D81-A149-74D9AFC4FA5D}.Debug|Any CPU.Build.0 = Debug|Any CPU
		{7C279232-427C-4D81-A149-74D9AFC4FA5D}.Release|Any CPU.ActiveCfg = Release|Any CPU
		{7C279232-427C-4D81-A149-74D9AFC4FA5D}.Release|Any CPU.Build.0 = Release|Any CPU
		{A48B26B2-D943-40DB-98D2-17E1199D70B6}.Debug|Any CPU.ActiveCfg = Debug|Any CPU
		{A48B26B2-D943-40DB-98D2-17E1199D70B6}.Debug|Any CPU.Build.0 = Debug|Any CPU
		{A48B26B2-D943-40DB-98D2-17E1199D70B6}.Release|Any CPU.ActiveCfg = Release|Any CPU
		{A48B26B2-D943-40DB-98D2-17E1199D70B6}.Release|Any CPU.Build.0 = Release|Any CPU
		{81322FC4-0AFE-4301-96DB-D27774FE96AE}.Debug|Any CPU.ActiveCfg = Debug|Any CPU
		{81322FC4-0AFE-4301-96DB-D27774FE96AE}.Debug|Any CPU.Build.0 = Debug|Any CPU
		{81322FC4-0AFE-4301-96DB-D27774FE96AE}.Release|Any CPU.ActiveCfg = Release|Any CPU
		{81322FC4-0AFE-4301-96DB-D27774FE96AE}.Release|Any CPU.Build.0 = Release|Any CPU
	EndGlobalSection
	GlobalSection(SolutionProperties) = preSolution
		HideSolutionNode = FALSE
	EndGlobalSection
	GlobalSection(ExtensibilityGlobals) = postSolution
		SolutionGuid = {E3E8ECB2-381E-471E-BAE4-FDBCD9B41C42}
	EndGlobalSection
EndGlobal
